
Microsoft Visual Studio Solution File, Format Version 12.00
# Visual Studio Version 16
VisualStudioVersion = 16.0.31702.278
MinimumVisualStudioVersion = 10.0.40219.1
Project("{2150E333-8FDC-42A3-9474-1A3956D46DE8}") = "Data_Types", "Data_Types", "{DA46303F-0ABC-49F3-A3DB-B59E1C702E2C}"
EndProject
Project("{2150E333-8FDC-42A3-9474-1A3956D46DE8}") = "FunctionsAndMethods", "FunctionsAndMethods", "{63145272-26FA-49A9-BDF2-22F3E945E07A}"
EndProject
Project("{2150E333-8FDC-42A3-9474-1A3956D46DE8}") = "Class_Struct", "Class_Struct", "{B7E5B970-8A58-4D1D-8235-0DBD90C17D93}"
EndProject
Project("{2150E333-8FDC-42A3-9474-1A3956D46DE8}") = "TryCatchStatement", "TryCatchStatement", "{62FD341F-82FD-4B2A-8B29-C7257F4658EA}"
EndProject
Project("{2150E333-8FDC-42A3-9474-1A3956D46DE8}") = "ConditionalStructures", "ConditionalStructures", "{64B7B51F-149E-4060-9710-567986F760E5}"
EndProject
Project("{FAE04EC0-301F-11D3-BF4B-00C04F79EFBC}") = "FunctionDefinition", "FunctionDefinition\FunctionDefinition.csproj", "{6C001B57-05DC-499D-8A7F-B88EE1FA7959}"
EndProject
Project("{FAE04EC0-301F-11D3-BF4B-00C04F79EFBC}") = "ModExample", "ModExample\ModExample.csproj", "{C792B7FB-395F-481C-9E13-A10423E3E33C}"
EndProject
Project("{FAE04EC0-301F-11D3-BF4B-00C04F79EFBC}") = "CharacterCalculation", "CharacterCalculation\CharacterCalculation.csproj", "{5E4F1362-FFE0-4BE0-8C77-E6EED2990CCD}"
EndProject
Project("{FAE04EC0-301F-11D3-BF4B-00C04F79EFBC}") = "TernaryIf", "TernaryIf\TernaryIf.csproj", "{602E0588-ED0D-4E09-BD9C-2651CD1D3443}"
EndProject
Project("{FAE04EC0-301F-11D3-BF4B-00C04F79EFBC}") = "TryCatch", "TryCatch\TryCatch.csproj", "{6DEFEBDF-7EB4-431C-9616-6762E4D30CC2}"
EndProject
Project("{FAE04EC0-301F-11D3-BF4B-00C04F79EFBC}") = "TryCatch2", "TryCatch2\TryCatch2.csproj", "{A42E1D1C-6849-4E1A-A6D5-C2A46910F90E}"
EndProject
Project("{FAE04EC0-301F-11D3-BF4B-00C04F79EFBC}") = "IfElseGeneral", "IfElse\IfElseGeneral.csproj", "{657A40E2-ADD4-4D09-85BF-11DD700E3260}"
EndProject
Project("{FAE04EC0-301F-11D3-BF4B-00C04F79EFBC}") = "IfElseExample", "IfElseExample\IfElseExample.csproj", "{86208168-9D2C-40C5-871D-56D6B04A67B0}"
EndProject
Project("{FAE04EC0-301F-11D3-BF4B-00C04F79EFBC}") = "GeneralDataInformation", "GeneralDataInformation\GeneralDataInformation.csproj", "{4903627A-0A3F-4A83-B49F-7A3533A74DD3}"
EndProject
Project("{FAE04EC0-301F-11D3-BF4B-00C04F79EFBC}") = "TypesOfMethods", "TypesOfMethods\TypesOfMethods.csproj", "{B8923AAF-E624-411C-B737-8E2462A9CFDB}"
EndProject
Project("{FAE04EC0-301F-11D3-BF4B-00C04F79EFBC}") = "SwitchCaseStructure", "SwitchCaseStructure\SwitchCaseStructure.csproj", "{D0D97037-A7B8-4B1D-B829-D451C4BC5949}"
EndProject
Project("{2150E333-8FDC-42A3-9474-1A3956D46DE8}") = "WinformInfo", "WinformInfo", "{A511CF31-81CE-4132-A8C6-7EFD27392394}"
EndProject
Project("{FAE04EC0-301F-11D3-BF4B-00C04F79EFBC}") = "FormTransitions", "FormTransitions\FormTransitions.csproj", "{01E101A3-6861-4A3B-8A6F-BC9E84CCD90A}"
EndProject
Project("{FAE04EC0-301F-11D3-BF4B-00C04F79EFBC}") = "MathLibraryMethods", "MathLibraryMethods\MathLibraryMethods.csproj", "{2BEA28F5-7094-4595-8575-436F79A8E234}"
EndProject
Project("{FAE04EC0-301F-11D3-BF4B-00C04F79EFBC}") = "RandomTimer", "RandomTimer\RandomTimer.csproj", "{ED318668-CC35-4875-8F25-B4B22FC28411}"
EndProject
Project("{FAE04EC0-301F-11D3-BF4B-00C04F79EFBC}") = "Runtime_ObjectAsInstance", "Runtime_ObjectAsInstance\Runtime_ObjectAsInstance.csproj", "{E2771801-F032-4034-8935-0E8262E8A34A}"
EndProject
Project("{FAE04EC0-301F-11D3-BF4B-00C04F79EFBC}") = "StringMethods", "StringMethods\StringMethods.csproj", "{D083749F-CE25-4B7B-A687-414378273239}"
EndProject
Project("{2150E333-8FDC-42A3-9474-1A3956D46DE8}") = "Loops", "Loops", "{E478346D-2C87-437B-B01F-43A1AB9F12B4}"
EndProject
Project("{FAE04EC0-301F-11D3-BF4B-00C04F79EFBC}") = "DoWhileLoop", "DoWhileLoop\DoWhileLoop.csproj", "{6B507057-79F3-4E51-A097-0148754554A3}"
EndProject
Project("{FAE04EC0-301F-11D3-BF4B-00C04F79EFBC}") = "ForLoop", "ForLoop\ForLoop.csproj", "{5A915573-D73E-4CA8-B4A6-A8659977A23A}"
EndProject
Project("{FAE04EC0-301F-11D3-BF4B-00C04F79EFBC}") = "ForeachLoop", "ForeachLoop\ForeachLoop.csproj", "{CD728788-9F7F-46AF-BEE9-009C27F43EA4}"
EndProject
Project("{FAE04EC0-301F-11D3-BF4B-00C04F79EFBC}") = "WhileLoop", "WhileLoop\WhileLoop.csproj", "{DBF1EB4D-DDF1-4D4D-9A60-AEA27C7D03DD}"
EndProject
Project("{FAE04EC0-301F-11D3-BF4B-00C04F79EFBC}") = "ArrayClass", "ArrayClass\ArrayClass.csproj", "{195B8E14-78CD-4AB8-926B-1B3856C72F51}"
EndProject
Project("{FAE04EC0-301F-11D3-BF4B-00C04F79EFBC}") = "ArrayListClass", "ArrayListClass\ArrayListClass.csproj", "{21C312FE-0BF6-446A-A235-FC27D9F1DDEA}"
EndProject
Project("{FAE04EC0-301F-11D3-BF4B-00C04F79EFBC}") = "ArrayStructure", "ArrayStructure\ArrayStructure.csproj", "{E620DF97-B745-4EAA-BA71-1932C86B5691}"
EndProject
Global
	GlobalSection(SolutionConfigurationPlatforms) = preSolution
		Debug|Any CPU = Debug|Any CPU
		Release|Any CPU = Release|Any CPU
	EndGlobalSection
	GlobalSection(ProjectConfigurationPlatforms) = postSolution
		{6C001B57-05DC-499D-8A7F-B88EE1FA7959}.Debug|Any CPU.ActiveCfg = Debug|Any CPU
		{6C001B57-05DC-499D-8A7F-B88EE1FA7959}.Debug|Any CPU.Build.0 = Debug|Any CPU
		{6C001B57-05DC-499D-8A7F-B88EE1FA7959}.Release|Any CPU.ActiveCfg = Release|Any CPU
		{6C001B57-05DC-499D-8A7F-B88EE1FA7959}.Release|Any CPU.Build.0 = Release|Any CPU
		{C792B7FB-395F-481C-9E13-A10423E3E33C}.Debug|Any CPU.ActiveCfg = Debug|Any CPU
		{C792B7FB-395F-481C-9E13-A10423E3E33C}.Debug|Any CPU.Build.0 = Debug|Any CPU
		{C792B7FB-395F-481C-9E13-A10423E3E33C}.Release|Any CPU.ActiveCfg = Release|Any CPU
		{C792B7FB-395F-481C-9E13-A10423E3E33C}.Release|Any CPU.Build.0 = Release|Any CPU
		{5E4F1362-FFE0-4BE0-8C77-E6EED2990CCD}.Debug|Any CPU.ActiveCfg = Debug|Any CPU
		{5E4F1362-FFE0-4BE0-8C77-E6EED2990CCD}.Debug|Any CPU.Build.0 = Debug|Any CPU
		{5E4F1362-FFE0-4BE0-8C77-E6EED2990CCD}.Release|Any CPU.ActiveCfg = Release|Any CPU
		{5E4F1362-FFE0-4BE0-8C77-E6EED2990CCD}.Release|Any CPU.Build.0 = Release|Any CPU
		{602E0588-ED0D-4E09-BD9C-2651CD1D3443}.Debug|Any CPU.ActiveCfg = Debug|Any CPU
		{602E0588-ED0D-4E09-BD9C-2651CD1D3443}.Debug|Any CPU.Build.0 = Debug|Any CPU
		{602E0588-ED0D-4E09-BD9C-2651CD1D3443}.Release|Any CPU.ActiveCfg = Release|Any CPU
		{602E0588-ED0D-4E09-BD9C-2651CD1D3443}.Release|Any CPU.Build.0 = Release|Any CPU
		{6DEFEBDF-7EB4-431C-9616-6762E4D30CC2}.Debug|Any CPU.ActiveCfg = Debug|Any CPU
		{6DEFEBDF-7EB4-431C-9616-6762E4D30CC2}.Debug|Any CPU.Build.0 = Debug|Any CPU
		{6DEFEBDF-7EB4-431C-9616-6762E4D30CC2}.Release|Any CPU.ActiveCfg = Release|Any CPU
		{6DEFEBDF-7EB4-431C-9616-6762E4D30CC2}.Release|Any CPU.Build.0 = Release|Any CPU
		{A42E1D1C-6849-4E1A-A6D5-C2A46910F90E}.Debug|Any CPU.ActiveCfg = Debug|Any CPU
		{A42E1D1C-6849-4E1A-A6D5-C2A46910F90E}.Debug|Any CPU.Build.0 = Debug|Any CPU
		{A42E1D1C-6849-4E1A-A6D5-C2A46910F90E}.Release|Any CPU.ActiveCfg = Release|Any CPU
		{A42E1D1C-6849-4E1A-A6D5-C2A46910F90E}.Release|Any CPU.Build.0 = Release|Any CPU
		{657A40E2-ADD4-4D09-85BF-11DD700E3260}.Debug|Any CPU.ActiveCfg = Debug|Any CPU
		{657A40E2-ADD4-4D09-85BF-11DD700E3260}.Debug|Any CPU.Build.0 = Debug|Any CPU
		{657A40E2-ADD4-4D09-85BF-11DD700E3260}.Release|Any CPU.ActiveCfg = Release|Any CPU
		{657A40E2-ADD4-4D09-85BF-11DD700E3260}.Release|Any CPU.Build.0 = Release|Any CPU
		{86208168-9D2C-40C5-871D-56D6B04A67B0}.Debug|Any CPU.ActiveCfg = Debug|Any CPU
		{86208168-9D2C-40C5-871D-56D6B04A67B0}.Debug|Any CPU.Build.0 = Debug|Any CPU
		{86208168-9D2C-40C5-871D-56D6B04A67B0}.Release|Any CPU.ActiveCfg = Release|Any CPU
		{86208168-9D2C-40C5-871D-56D6B04A67B0}.Release|Any CPU.Build.0 = Release|Any CPU
		{4903627A-0A3F-4A83-B49F-7A3533A74DD3}.Debug|Any CPU.ActiveCfg = Debug|Any CPU
		{4903627A-0A3F-4A83-B49F-7A3533A74DD3}.Debug|Any CPU.Build.0 = Debug|Any CPU
		{4903627A-0A3F-4A83-B49F-7A3533A74DD3}.Release|Any CPU.ActiveCfg = Release|Any CPU
		{4903627A-0A3F-4A83-B49F-7A3533A74DD3}.Release|Any CPU.Build.0 = Release|Any CPU
		{B8923AAF-E624-411C-B737-8E2462A9CFDB}.Debug|Any CPU.ActiveCfg = Debug|Any CPU
		{B8923AAF-E624-411C-B737-8E2462A9CFDB}.Debug|Any CPU.Build.0 = Debug|Any CPU
		{B8923AAF-E624-411C-B737-8E2462A9CFDB}.Release|Any CPU.ActiveCfg = Release|Any CPU
		{B8923AAF-E624-411C-B737-8E2462A9CFDB}.Release|Any CPU.Build.0 = Release|Any CPU
		{D0D97037-A7B8-4B1D-B829-D451C4BC5949}.Debug|Any CPU.ActiveCfg = Debug|Any CPU
		{D0D97037-A7B8-4B1D-B829-D451C4BC5949}.Debug|Any CPU.Build.0 = Debug|Any CPU
		{D0D97037-A7B8-4B1D-B829-D451C4BC5949}.Release|Any CPU.ActiveCfg = Release|Any CPU
		{D0D97037-A7B8-4B1D-B829-D451C4BC5949}.Release|Any CPU.Build.0 = Release|Any CPU
		{01E101A3-6861-4A3B-8A6F-BC9E84CCD90A}.Debug|Any CPU.ActiveCfg = Debug|Any CPU
		{01E101A3-6861-4A3B-8A6F-BC9E84CCD90A}.Debug|Any CPU.Build.0 = Debug|Any CPU
		{01E101A3-6861-4A3B-8A6F-BC9E84CCD90A}.Release|Any CPU.ActiveCfg = Release|Any CPU
		{01E101A3-6861-4A3B-8A6F-BC9E84CCD90A}.Release|Any CPU.Build.0 = Release|Any CPU
		{2BEA28F5-7094-4595-8575-436F79A8E234}.Debug|Any CPU.ActiveCfg = Debug|Any CPU
		{2BEA28F5-7094-4595-8575-436F79A8E234}.Debug|Any CPU.Build.0 = Debug|Any CPU
		{2BEA28F5-7094-4595-8575-436F79A8E234}.Release|Any CPU.ActiveCfg = Release|Any CPU
		{2BEA28F5-7094-4595-8575-436F79A8E234}.Release|Any CPU.Build.0 = Release|Any CPU
		{ED318668-CC35-4875-8F25-B4B22FC28411}.Debug|Any CPU.ActiveCfg = Debug|Any CPU
		{ED318668-CC35-4875-8F25-B4B22FC28411}.Debug|Any CPU.Build.0 = Debug|Any CPU
		{ED318668-CC35-4875-8F25-B4B22FC28411}.Release|Any CPU.ActiveCfg = Release|Any CPU
		{ED318668-CC35-4875-8F25-B4B22FC28411}.Release|Any CPU.Build.0 = Release|Any CPU
		{E2771801-F032-4034-8935-0E8262E8A34A}.Debug|Any CPU.ActiveCfg = Debug|Any CPU
		{E2771801-F032-4034-8935-0E8262E8A34A}.Debug|Any CPU.Build.0 = Debug|Any CPU
		{E2771801-F032-4034-8935-0E8262E8A34A}.Release|Any CPU.ActiveCfg = Release|Any CPU
		{E2771801-F032-4034-8935-0E8262E8A34A}.Release|Any CPU.Build.0 = Release|Any CPU
		{D083749F-CE25-4B7B-A687-414378273239}.Debug|Any CPU.ActiveCfg = Debug|Any CPU
		{D083749F-CE25-4B7B-A687-414378273239}.Debug|Any CPU.Build.0 = Debug|Any CPU
		{D083749F-CE25-4B7B-A687-414378273239}.Release|Any CPU.ActiveCfg = Release|Any CPU
		{D083749F-CE25-4B7B-A687-414378273239}.Release|Any CPU.Build.0 = Release|Any CPU
		{6B507057-79F3-4E51-A097-0148754554A3}.Debug|Any CPU.ActiveCfg = Debug|Any CPU
		{6B507057-79F3-4E51-A097-0148754554A3}.Debug|Any CPU.Build.0 = Debug|Any CPU
		{6B507057-79F3-4E51-A097-0148754554A3}.Release|Any CPU.ActiveCfg = Release|Any CPU
		{6B507057-79F3-4E51-A097-0148754554A3}.Release|Any CPU.Build.0 = Release|Any CPU
		{5A915573-D73E-4CA8-B4A6-A8659977A23A}.Debug|Any CPU.ActiveCfg = Debug|Any CPU
		{5A915573-D73E-4CA8-B4A6-A8659977A23A}.Debug|Any CPU.Build.0 = Debug|Any CPU
		{5A915573-D73E-4CA8-B4A6-A8659977A23A}.Release|Any CPU.ActiveCfg = Release|Any CPU
		{5A915573-D73E-4CA8-B4A6-A8659977A23A}.Release|Any CPU.Build.0 = Release|Any CPU
		{CD728788-9F7F-46AF-BEE9-009C27F43EA4}.Debug|Any CPU.ActiveCfg = Debug|Any CPU
		{CD728788-9F7F-46AF-BEE9-009C27F43EA4}.Debug|Any CPU.Build.0 = Debug|Any CPU
		{CD728788-9F7F-46AF-BEE9-009C27F43EA4}.Release|Any CPU.ActiveCfg = Release|Any CPU
		{CD728788-9F7F-46AF-BEE9-009C27F43EA4}.Release|Any CPU.Build.0 = Release|Any CPU
		{DBF1EB4D-DDF1-4D4D-9A60-AEA27C7D03DD}.Debug|Any CPU.ActiveCfg = Debug|Any CPU
		{DBF1EB4D-DDF1-4D4D-9A60-AEA27C7D03DD}.Debug|Any CPU.Build.0 = Debug|Any CPU
		{DBF1EB4D-DDF1-4D4D-9A60-AEA27C7D03DD}.Release|Any CPU.ActiveCfg = Release|Any CPU
		{DBF1EB4D-DDF1-4D4D-9A60-AEA27C7D03DD}.Release|Any CPU.Build.0 = Release|Any CPU
		{195B8E14-78CD-4AB8-926B-1B3856C72F51}.Debug|Any CPU.ActiveCfg = Debug|Any CPU
		{195B8E14-78CD-4AB8-926B-1B3856C72F51}.Debug|Any CPU.Build.0 = Debug|Any CPU
		{195B8E14-78CD-4AB8-926B-1B3856C72F51}.Release|Any CPU.ActiveCfg = Release|Any CPU
		{195B8E14-78CD-4AB8-926B-1B3856C72F51}.Release|Any CPU.Build.0 = Release|Any CPU
		{21C312FE-0BF6-446A-A235-FC27D9F1DDEA}.Debug|Any CPU.ActiveCfg = Debug|Any CPU
		{21C312FE-0BF6-446A-A235-FC27D9F1DDEA}.Debug|Any CPU.Build.0 = Debug|Any CPU
		{21C312FE-0BF6-446A-A235-FC27D9F1DDEA}.Release|Any CPU.ActiveCfg = Release|Any CPU
		{21C312FE-0BF6-446A-A235-FC27D9F1DDEA}.Release|Any CPU.Build.0 = Release|Any CPU
		{E620DF97-B745-4EAA-BA71-1932C86B5691}.Debug|Any CPU.ActiveCfg = Debug|Any CPU
		{E620DF97-B745-4EAA-BA71-1932C86B5691}.Debug|Any CPU.Build.0 = Debug|Any CPU
		{E620DF97-B745-4EAA-BA71-1932C86B5691}.Release|Any CPU.ActiveCfg = Release|Any CPU
		{E620DF97-B745-4EAA-BA71-1932C86B5691}.Release|Any CPU.Build.0 = Release|Any CPU
	EndGlobalSection
	GlobalSection(SolutionProperties) = preSolution
		HideSolutionNode = FALSE
	EndGlobalSection
	GlobalSection(NestedProjects) = preSolution
		{6C001B57-05DC-499D-8A7F-B88EE1FA7959} = {63145272-26FA-49A9-BDF2-22F3E945E07A}
		{C792B7FB-395F-481C-9E13-A10423E3E33C} = {63145272-26FA-49A9-BDF2-22F3E945E07A}
		{5E4F1362-FFE0-4BE0-8C77-E6EED2990CCD} = {DA46303F-0ABC-49F3-A3DB-B59E1C702E2C}
		{602E0588-ED0D-4E09-BD9C-2651CD1D3443} = {64B7B51F-149E-4060-9710-567986F760E5}
		{6DEFEBDF-7EB4-431C-9616-6762E4D30CC2} = {62FD341F-82FD-4B2A-8B29-C7257F4658EA}
		{A42E1D1C-6849-4E1A-A6D5-C2A46910F90E} = {62FD341F-82FD-4B2A-8B29-C7257F4658EA}
		{657A40E2-ADD4-4D09-85BF-11DD700E3260} = {64B7B51F-149E-4060-9710-567986F760E5}
		{86208168-9D2C-40C5-871D-56D6B04A67B0} = {64B7B51F-149E-4060-9710-567986F760E5}
		{4903627A-0A3F-4A83-B49F-7A3533A74DD3} = {DA46303F-0ABC-49F3-A3DB-B59E1C702E2C}
		{B8923AAF-E624-411C-B737-8E2462A9CFDB} = {63145272-26FA-49A9-BDF2-22F3E945E07A}
		{D0D97037-A7B8-4B1D-B829-D451C4BC5949} = {64B7B51F-149E-4060-9710-567986F760E5}
		{01E101A3-6861-4A3B-8A6F-BC9E84CCD90A} = {A511CF31-81CE-4132-A8C6-7EFD27392394}
		{2BEA28F5-7094-4595-8575-436F79A8E234} = {63145272-26FA-49A9-BDF2-22F3E945E07A}
		{ED318668-CC35-4875-8F25-B4B22FC28411} = {A511CF31-81CE-4132-A8C6-7EFD27392394}
		{E2771801-F032-4034-8935-0E8262E8A34A} = {A511CF31-81CE-4132-A8C6-7EFD27392394}
		{D083749F-CE25-4B7B-A687-414378273239} = {63145272-26FA-49A9-BDF2-22F3E945E07A}
		{6B507057-79F3-4E51-A097-0148754554A3} = {E478346D-2C87-437B-B01F-43A1AB9F12B4}
		{5A915573-D73E-4CA8-B4A6-A8659977A23A} = {E478346D-2C87-437B-B01F-43A1AB9F12B4}
		{CD728788-9F7F-46AF-BEE9-009C27F43EA4} = {E478346D-2C87-437B-B01F-43A1AB9F12B4}
		{DBF1EB4D-DDF1-4D4D-9A60-AEA27C7D03DD} = {E478346D-2C87-437B-B01F-43A1AB9F12B4}
		{195B8E14-78CD-4AB8-926B-1B3856C72F51} = {DA46303F-0ABC-49F3-A3DB-B59E1C702E2C}
		{21C312FE-0BF6-446A-A235-FC27D9F1DDEA} = {DA46303F-0ABC-49F3-A3DB-B59E1C702E2C}
		{E620DF97-B745-4EAA-BA71-1932C86B5691} = {DA46303F-0ABC-49F3-A3DB-B59E1C702E2C}
	EndGlobalSection
	GlobalSection(ExtensibilityGlobals) = postSolution
		SolutionGuid = {921EA556-C711-417C-B322-2340B3B01F23}
	EndGlobalSection
EndGlobal
